
Microsoft Visual Studio Solution File, Format Version 12.00
Project("{FAE04EC0-301F-11D3-BF4B-00C04F79EFBC}") = "Order.API", "Order.API\Order.API.csproj", "{6D50F5FB-5018-4AF5-9DA4-07136558FC5F}"
EndProject
Project("{FAE04EC0-301F-11D3-BF4B-00C04F79EFBC}") = "Order.ApplicationCore", "Order.ApplicationCore\Order.ApplicationCore.csproj", "{EED3583C-EFA5-454D-88BE-6B6D095EB5CE}"
EndProject
Project("{FAE04EC0-301F-11D3-BF4B-00C04F79EFBC}") = "Order.Infrastructure", "Order.Infrastructure\Order.Infrastructure.csproj", "{997AACDA-0CEF-4490-9A07-016B7EAAFA0F}"
EndProject
Global
	GlobalSection(SolutionConfigurationPlatforms) = preSolution
		Debug|Any CPU = Debug|Any CPU
		Release|Any CPU = Release|Any CPU
	EndGlobalSection
	GlobalSection(ProjectConfigurationPlatforms) = postSolution
		{6D50F5FB-5018-4AF5-9DA4-07136558FC5F}.Debug|Any CPU.ActiveCfg = Debug|Any CPU
		{6D50F5FB-5018-4AF5-9DA4-07136558FC5F}.Debug|Any CPU.Build.0 = Debug|Any CPU
		{6D50F5FB-5018-4AF5-9DA4-07136558FC5F}.Release|Any CPU.ActiveCfg = Release|Any CPU
		{6D50F5FB-5018-4AF5-9DA4-07136558FC5F}.Release|Any CPU.Build.0 = Release|Any CPU
		{EED3583C-EFA5-454D-88BE-6B6D095EB5CE}.Debug|Any CPU.ActiveCfg = Debug|Any CPU
		{EED3583C-EFA5-454D-88BE-6B6D095EB5CE}.Debug|Any CPU.Build.0 = Debug|Any CPU
		{EED3583C-EFA5-454D-88BE-6B6D095EB5CE}.Release|Any CPU.ActiveCfg = Release|Any CPU
		{EED3583C-EFA5-454D-88BE-6B6D095EB5CE}.Release|Any CPU.Build.0 = Release|Any CPU
		{997AACDA-0CEF-4490-9A07-016B7EAAFA0F}.Debug|Any CPU.ActiveCfg = Debug|Any CPU
		{997AACDA-0CEF-4490-9A07-016B7EAAFA0F}.Debug|Any CPU.Build.0 = Debug|Any CPU
		{997AACDA-0CEF-4490-9A07-016B7EAAFA0F}.Release|Any CPU.ActiveCfg = Release|Any CPU
		{997AACDA-0CEF-4490-9A07-016B7EAAFA0F}.Release|Any CPU.Build.0 = Release|Any CPU
	EndGlobalSection
EndGlobal
