
Microsoft Visual Studio Solution File, Format Version 12.00
Project("{2150E333-8FDC-42A3-9474-1A3956D46DE8}") = "OrderMicroservice", "OrderMicroservice", "{9EA5B5C6-6F6B-45BC-A493-DB188FB895DD}"
EndProject
Project("{FAE04EC0-301F-11D3-BF4B-00C04F79EFBC}") = "Order.API", "Order.API\Order.API\Order.API.csproj", "{19F98603-45B3-4130-8E6B-B378EB0724A6}"
EndProject
Project("{FAE04EC0-301F-11D3-BF4B-00C04F79EFBC}") = "Order.ApplicationCore", "Order.API\Order.ApplicationCore\Order.ApplicationCore.csproj", "{DF45A98A-71C8-45C9-B9A3-0751831644B0}"
EndProject
Project("{FAE04EC0-301F-11D3-BF4B-00C04F79EFBC}") = "Order.Infrastructure", "Order.API\Order.Infrastructure\Order.Infrastructure.csproj", "{FE5098AE-5589-4ADA-9AF5-2103BC46A39B}"
EndProject
Project("{2150E333-8FDC-42A3-9474-1A3956D46DE8}") = "ProductMicroservice", "ProductMicroservice", "{5DBA12FC-DA33-4720-8161-98D8AAE57908}"
EndProject
Project("{FAE04EC0-301F-11D3-BF4B-00C04F79EFBC}") = "ProductMicroservice", "ProjectMicroservice\ProductMicroservice\ProductMicroservice.csproj", "{61A52162-C4F1-4931-A964-CB7EA66B834F}"
EndProject
Project("{FAE04EC0-301F-11D3-BF4B-00C04F79EFBC}") = "ProductMicroservice.Core", "ProjectMicroservice\ProductMicroservice.Core\ProductMicroservice.Core.csproj", "{1BE6B2E9-7D61-4406-A951-9B4DD5B22E2D}"
EndProject
Project("{FAE04EC0-301F-11D3-BF4B-00C04F79EFBC}") = "ProductMicroservice.Infrastructure", "ProjectMicroservice\ProductMicroservice.Infrastructure\ProductMicroservice.Infrastructure.csproj", "{781551B4-3C1A-4FB4-944F-B0F839FF5C09}"
EndProject
Global
	GlobalSection(SolutionConfigurationPlatforms) = preSolution
		Debug|Any CPU = Debug|Any CPU
		Release|Any CPU = Release|Any CPU
	EndGlobalSection
	GlobalSection(ProjectConfigurationPlatforms) = postSolution
		{19F98603-45B3-4130-8E6B-B378EB0724A6}.Debug|Any CPU.ActiveCfg = Debug|Any CPU
		{19F98603-45B3-4130-8E6B-B378EB0724A6}.Debug|Any CPU.Build.0 = Debug|Any CPU
		{19F98603-45B3-4130-8E6B-B378EB0724A6}.Release|Any CPU.ActiveCfg = Release|Any CPU
		{19F98603-45B3-4130-8E6B-B378EB0724A6}.Release|Any CPU.Build.0 = Release|Any CPU
		{DF45A98A-71C8-45C9-B9A3-0751831644B0}.Debug|Any CPU.ActiveCfg = Debug|Any CPU
		{DF45A98A-71C8-45C9-B9A3-0751831644B0}.Debug|Any CPU.Build.0 = Debug|Any CPU
		{DF45A98A-71C8-45C9-B9A3-0751831644B0}.Release|Any CPU.ActiveCfg = Release|Any CPU
		{DF45A98A-71C8-45C9-B9A3-0751831644B0}.Release|Any CPU.Build.0 = Release|Any CPU
		{FE5098AE-5589-4ADA-9AF5-2103BC46A39B}.Debug|Any CPU.ActiveCfg = Debug|Any CPU
		{FE5098AE-5589-4ADA-9AF5-2103BC46A39B}.Debug|Any CPU.Build.0 = Debug|Any CPU
		{FE5098AE-5589-4ADA-9AF5-2103BC46A39B}.Release|Any CPU.ActiveCfg = Release|Any CPU
		{FE5098AE-5589-4ADA-9AF5-2103BC46A39B}.Release|Any CPU.Build.0 = Release|Any CPU
		{61A52162-C4F1-4931-A964-CB7EA66B834F}.Debug|Any CPU.ActiveCfg = Debug|Any CPU
		{61A52162-C4F1-4931-A964-CB7EA66B834F}.Debug|Any CPU.Build.0 = Debug|Any CPU
		{61A52162-C4F1-4931-A964-CB7EA66B834F}.Release|Any CPU.ActiveCfg = Release|Any CPU
		{61A52162-C4F1-4931-A964-CB7EA66B834F}.Release|Any CPU.Build.0 = Release|Any CPU
		{1BE6B2E9-7D61-4406-A951-9B4DD5B22E2D}.Debug|Any CPU.ActiveCfg = Debug|Any CPU
		{1BE6B2E9-7D61-4406-A951-9B4DD5B22E2D}.Debug|Any CPU.Build.0 = Debug|Any CPU
		{1BE6B2E9-7D61-4406-A951-9B4DD5B22E2D}.Release|Any CPU.ActiveCfg = Release|Any CPU
		{1BE6B2E9-7D61-4406-A951-9B4DD5B22E2D}.Release|Any CPU.Build.0 = Release|Any CPU
		{781551B4-3C1A-4FB4-944F-B0F839FF5C09}.Debug|Any CPU.ActiveCfg = Debug|Any CPU
		{781551B4-3C1A-4FB4-944F-B0F839FF5C09}.Debug|Any CPU.Build.0 = Debug|Any CPU
		{781551B4-3C1A-4FB4-944F-B0F839FF5C09}.Release|Any CPU.ActiveCfg = Release|Any CPU
		{781551B4-3C1A-4FB4-944F-B0F839FF5C09}.Release|Any CPU.Build.0 = Release|Any CPU
	EndGlobalSection
	GlobalSection(NestedProjects) = preSolution
		{19F98603-45B3-4130-8E6B-B378EB0724A6} = {9EA5B5C6-6F6B-45BC-A493-DB188FB895DD}
		{DF45A98A-71C8-45C9-B9A3-0751831644B0} = {9EA5B5C6-6F6B-45BC-A493-DB188FB895DD}
		{FE5098AE-5589-4ADA-9AF5-2103BC46A39B} = {9EA5B5C6-6F6B-45BC-A493-DB188FB895DD}
		{61A52162-C4F1-4931-A964-CB7EA66B834F} = {5DBA12FC-DA33-4720-8161-98D8AAE57908}
		{1BE6B2E9-7D61-4406-A951-9B4DD5B22E2D} = {5DBA12FC-DA33-4720-8161-98D8AAE57908}
		{781551B4-3C1A-4FB4-944F-B0F839FF5C09} = {5DBA12FC-DA33-4720-8161-98D8AAE57908}
	EndGlobalSection
EndGlobal
