
Microsoft Visual Studio Solution File, Format Version 12.00
Project("{FAE04EC0-301F-11D3-BF4B-00C04F79EFBC}") = "ReviewsMicroservice", "ReviewsMicroservice\ReviewsMicroservice.csproj", "{22E6E5C0-0B85-4579-8B7A-5EF9C1F22B98}"
EndProject
Project("{FAE04EC0-301F-11D3-BF4B-00C04F79EFBC}") = "ReviewsMicroservice.Core", "ReviewsMicroservice.Core\ReviewsMicroservice.Core.csproj", "{DCFF3B6E-A40B-4C89-8ACD-2929AD55CC97}"
EndProject
Project("{FAE04EC0-301F-11D3-BF4B-00C04F79EFBC}") = "ReviewsMicroservice.Infrastructure", "ReviewsMicroservice.Infrastructure\ReviewsMicroservice.Infrastructure.csproj", "{C476DEAF-4129-445A-BBBF-738B1919D60D}"
EndProject
Global
	GlobalSection(SolutionConfigurationPlatforms) = preSolution
		Debug|Any CPU = Debug|Any CPU
		Release|Any CPU = Release|Any CPU
	EndGlobalSection
	GlobalSection(ProjectConfigurationPlatforms) = postSolution
		{22E6E5C0-0B85-4579-8B7A-5EF9C1F22B98}.Debug|Any CPU.ActiveCfg = Debug|Any CPU
		{22E6E5C0-0B85-4579-8B7A-5EF9C1F22B98}.Debug|Any CPU.Build.0 = Debug|Any CPU
		{22E6E5C0-0B85-4579-8B7A-5EF9C1F22B98}.Release|Any CPU.ActiveCfg = Release|Any CPU
		{22E6E5C0-0B85-4579-8B7A-5EF9C1F22B98}.Release|Any CPU.Build.0 = Release|Any CPU
		{DCFF3B6E-A40B-4C89-8ACD-2929AD55CC97}.Debug|Any CPU.ActiveCfg = Debug|Any CPU
		{DCFF3B6E-A40B-4C89-8ACD-2929AD55CC97}.Debug|Any CPU.Build.0 = Debug|Any CPU
		{DCFF3B6E-A40B-4C89-8ACD-2929AD55CC97}.Release|Any CPU.ActiveCfg = Release|Any CPU
		{DCFF3B6E-A40B-4C89-8ACD-2929AD55CC97}.Release|Any CPU.Build.0 = Release|Any CPU
		{C476DEAF-4129-445A-BBBF-738B1919D60D}.Debug|Any CPU.ActiveCfg = Debug|Any CPU
		{C476DEAF-4129-445A-BBBF-738B1919D60D}.Debug|Any CPU.Build.0 = Debug|Any CPU
		{C476DEAF-4129-445A-BBBF-738B1919D60D}.Release|Any CPU.ActiveCfg = Release|Any CPU
		{C476DEAF-4129-445A-BBBF-738B1919D60D}.Release|Any CPU.Build.0 = Release|Any CPU
	EndGlobalSection
EndGlobal
