
Microsoft Visual Studio Solution File, Format Version 12.00
Project("{FAE04EC0-301F-11D3-BF4B-00C04F79EFBC}") = "PromotionsMicroservice", "PromotionsMicroservice\PromotionsMicroservice.csproj", "{F3DAB05D-B4FC-4EE9-8B96-D3DF78C10BDD}"
EndProject
Project("{FAE04EC0-301F-11D3-BF4B-00C04F79EFBC}") = "PromotionsMicroservice.Infrastructure", "PromotionsMicroservice.Infrastructure\PromotionsMicroservice.Infrastructure.csproj", "{78C0228F-68C0-42F8-BF11-8D89474CCD28}"
EndProject
Project("{FAE04EC0-301F-11D3-BF4B-00C04F79EFBC}") = "PromotionsMicroservice.Core", "PromotionsMicroservice.Core\PromotionsMicroservice.Core.csproj", "{66F163B2-9D1B-42AF-B18B-D1370C289043}"
EndProject
Global
	GlobalSection(SolutionConfigurationPlatforms) = preSolution
		Debug|Any CPU = Debug|Any CPU
		Release|Any CPU = Release|Any CPU
	EndGlobalSection
	GlobalSection(ProjectConfigurationPlatforms) = postSolution
		{F3DAB05D-B4FC-4EE9-8B96-D3DF78C10BDD}.Debug|Any CPU.ActiveCfg = Debug|Any CPU
		{F3DAB05D-B4FC-4EE9-8B96-D3DF78C10BDD}.Debug|Any CPU.Build.0 = Debug|Any CPU
		{F3DAB05D-B4FC-4EE9-8B96-D3DF78C10BDD}.Release|Any CPU.ActiveCfg = Release|Any CPU
		{F3DAB05D-B4FC-4EE9-8B96-D3DF78C10BDD}.Release|Any CPU.Build.0 = Release|Any CPU
		{78C0228F-68C0-42F8-BF11-8D89474CCD28}.Debug|Any CPU.ActiveCfg = Debug|Any CPU
		{78C0228F-68C0-42F8-BF11-8D89474CCD28}.Debug|Any CPU.Build.0 = Debug|Any CPU
		{78C0228F-68C0-42F8-BF11-8D89474CCD28}.Release|Any CPU.ActiveCfg = Release|Any CPU
		{78C0228F-68C0-42F8-BF11-8D89474CCD28}.Release|Any CPU.Build.0 = Release|Any CPU
		{66F163B2-9D1B-42AF-B18B-D1370C289043}.Debug|Any CPU.ActiveCfg = Debug|Any CPU
		{66F163B2-9D1B-42AF-B18B-D1370C289043}.Debug|Any CPU.Build.0 = Debug|Any CPU
		{66F163B2-9D1B-42AF-B18B-D1370C289043}.Release|Any CPU.ActiveCfg = Release|Any CPU
		{66F163B2-9D1B-42AF-B18B-D1370C289043}.Release|Any CPU.Build.0 = Release|Any CPU
	EndGlobalSection
EndGlobal
